
Microsoft Visual Studio Solution File, Format Version 12.00
# Visual Studio Version 17
VisualStudioVersion = 17.9.34723.18
MinimumVisualStudioVersion = 10.0.40219.1
Project("{9092AA53-FB77-4645-B42D-1CCCA6BD08BD}") = "StoreEducation", "StoreEducation.njsproj", "{D983044C-99C7-49DA-A8C4-CC291CDFC74B}"
EndProject
Global
	GlobalSection(SolutionConfigurationPlatforms) = preSolution
		Debug|Any CPU = Debug|Any CPU
		Release|Any CPU = Release|Any CPU
	EndGlobalSection
	GlobalSection(ProjectConfigurationPlatforms) = postSolution
		{D983044C-99C7-49DA-A8C4-CC291CDFC74B}.Debug|Any CPU.ActiveCfg = Debug|Any CPU
		{D983044C-99C7-49DA-A8C4-CC291CDFC74B}.Debug|Any CPU.Build.0 = Debug|Any CPU
		{D983044C-99C7-49DA-A8C4-CC291CDFC74B}.Release|Any CPU.ActiveCfg = Release|Any CPU
		{D983044C-99C7-49DA-A8C4-CC291CDFC74B}.Release|Any CPU.Build.0 = Release|Any CPU
	EndGlobalSection
	GlobalSection(SolutionProperties) = preSolution
		HideSolutionNode = FALSE
	EndGlobalSection
	GlobalSection(ExtensibilityGlobals) = postSolution
		SolutionGuid = {1E976A86-D5AC-44CA-AE3D-0A1B0B6DAD61}
	EndGlobalSection
EndGlobal
